
Microsoft Visual Studio Solution File, Format Version 12.00
# Visual Studio Version 17
VisualStudioVersion = 17.8.34309.116
MinimumVisualStudioVersion = 10.0.40219.1
Project("{9A19103F-16F7-4668-BE54-9A1E7A4F7556}") = "CRUDWithBlazor", "CRUDWithBlazor\CRUDWithBlazor\CRUDWithBlazor.csproj", "{494FC747-276F-4818-9B6F-0D89DDFE76F6}"
EndProject
Project("{9A19103F-16F7-4668-BE54-9A1E7A4F7556}") = "CRUDWithBlazor.Client", "CRUDWithBlazor\CRUDWithBlazor.Client\CRUDWithBlazor.Client.csproj", "{FB5EEC1C-9476-4E0E-8533-64B3824DD6C9}"
EndProject
Project("{9A19103F-16F7-4668-BE54-9A1E7A4F7556}") = "SharedLibrary", "SharedLibrary\SharedLibrary.csproj", "{8C09B3A2-EF21-45F4-B4B8-DE1DF516ADE7}"
EndProject
Global
	GlobalSection(SolutionConfigurationPlatforms) = preSolution
		Debug|Any CPU = Debug|Any CPU
		Release|Any CPU = Release|Any CPU
	EndGlobalSection
	GlobalSection(ProjectConfigurationPlatforms) = postSolution
		{494FC747-276F-4818-9B6F-0D89DDFE76F6}.Debug|Any CPU.ActiveCfg = Debug|Any CPU
		{494FC747-276F-4818-9B6F-0D89DDFE76F6}.Debug|Any CPU.Build.0 = Debug|Any CPU
		{494FC747-276F-4818-9B6F-0D89DDFE76F6}.Release|Any CPU.ActiveCfg = Release|Any CPU
		{494FC747-276F-4818-9B6F-0D89DDFE76F6}.Release|Any CPU.Build.0 = Release|Any CPU
		{FB5EEC1C-9476-4E0E-8533-64B3824DD6C9}.Debug|Any CPU.ActiveCfg = Debug|Any CPU
		{FB5EEC1C-9476-4E0E-8533-64B3824DD6C9}.Debug|Any CPU.Build.0 = Debug|Any CPU
		{FB5EEC1C-9476-4E0E-8533-64B3824DD6C9}.Release|Any CPU.ActiveCfg = Release|Any CPU
		{FB5EEC1C-9476-4E0E-8533-64B3824DD6C9}.Release|Any CPU.Build.0 = Release|Any CPU
		{8C09B3A2-EF21-45F4-B4B8-DE1DF516ADE7}.Debug|Any CPU.ActiveCfg = Debug|Any CPU
		{8C09B3A2-EF21-45F4-B4B8-DE1DF516ADE7}.Debug|Any CPU.Build.0 = Debug|Any CPU
		{8C09B3A2-EF21-45F4-B4B8-DE1DF516ADE7}.Release|Any CPU.ActiveCfg = Release|Any CPU
		{8C09B3A2-EF21-45F4-B4B8-DE1DF516ADE7}.Release|Any CPU.Build.0 = Release|Any CPU
	EndGlobalSection
	GlobalSection(SolutionProperties) = preSolution
		HideSolutionNode = FALSE
	EndGlobalSection
	GlobalSection(ExtensibilityGlobals) = postSolution
		SolutionGuid = {75827F58-F8AC-4AAB-99D4-7CB974D5DE50}
	EndGlobalSection
EndGlobal
